// !$*UTF8*$!
{
	archiveVersion = 1;
	classes = {
	};
	objectVersion = 50;
	objects = {

/* Begin PBXBuildFile section */
		7B1579B42135D3DB0035D3A5 /* AppDelegate.swift in Sources */ = {isa = PBXBuildFile; fileRef = 7B1579B32135D3DB0035D3A5 /* AppDelegate.swift */; };
		7B1579B92135D3DB0035D3A5 /* Main.storyboard in Resources */ = {isa = PBXBuildFile; fileRef = 7B1579B72135D3DB0035D3A5 /* Main.storyboard */; };
		7B1579BB2135D3DD0035D3A5 /* Assets.xcassets in Resources */ = {isa = PBXBuildFile; fileRef = 7B1579BA2135D3DD0035D3A5 /* Assets.xcassets */; };
		7B1579BE2135D3DD0035D3A5 /* LaunchScreen.storyboard in Resources */ = {isa = PBXBuildFile; fileRef = 7B1579BC2135D3DD0035D3A5 /* LaunchScreen.storyboard */; };
		7B1579C92135D3DD0035D3A5 /* PetsTests.swift in Sources */ = {isa = PBXBuildFile; fileRef = 7B1579C82135D3DD0035D3A5 /* PetsTests.swift */; };
		7B1579D42135D3DD0035D3A5 /* PetsUITests.swift in Sources */ = {isa = PBXBuildFile; fileRef = 7B1579D32135D3DD0035D3A5 /* PetsUITests.swift */; };
		7B1579E22135D4FB0035D3A5 /* PetsTableViewController.swift in Sources */ = {isa = PBXBuildFile; fileRef = 7B1579E12135D4FB0035D3A5 /* PetsTableViewController.swift */; };
/* End PBXBuildFile section */

/* Begin PBXContainerItemProxy section */
		7B1579C52135D3DD0035D3A5 /* PBXContainerItemProxy */ = {
			isa = PBXContainerItemProxy;
			containerPortal = 7B1579A82135D3DB0035D3A5 /* Project object */;
			proxyType = 1;
			remoteGlobalIDString = 7B1579AF2135D3DB0035D3A5;
			remoteInfo = Pets;
		};
		7B1579D02135D3DD0035D3A5 /* PBXContainerItemProxy */ = {
			isa = PBXContainerItemProxy;
			containerPortal = 7B1579A82135D3DB0035D3A5 /* Project object */;
			proxyType = 1;
			remoteGlobalIDString = 7B1579AF2135D3DB0035D3A5;
			remoteInfo = Pets;
		};
/* End PBXContainerItemProxy section */

/* Begin PBXFileReference section */
		7B1579B02135D3DB0035D3A5 /* Pets.app */ = {isa = PBXFileReference; explicitFileType = wrapper.application; includeInIndex = 0; path = Pets.app; sourceTree = BUILT_PRODUCTS_DIR; };
		7B1579B32135D3DB0035D3A5 /* AppDelegate.swift */ = {isa = PBXFileReference; lastKnownFileType = sourcecode.swift; path = AppDelegate.swift; sourceTree = "<group>"; };
		7B1579B82135D3DB0035D3A5 /* Base */ = {isa = PBXFileReference; lastKnownFileType = file.storyboard; name = Base; path = Base.lproj/Main.storyboard; sourceTree = "<group>"; };
		7B1579BA2135D3DD0035D3A5 /* Assets.xcassets */ = {isa = PBXFileReference; lastKnownFileType = folder.assetcatalog; path = Assets.xcassets; sourceTree = "<group>"; };
		7B1579BD2135D3DD0035D3A5 /* Base */ = {isa = PBXFileReference; lastKnownFileType = file.storyboard; name = Base; path = Base.lproj/LaunchScreen.storyboard; sourceTree = "<group>"; };
		7B1579BF2135D3DD0035D3A5 /* Info.plist */ = {isa = PBXFileReference; lastKnownFileType = text.plist.xml; path = Info.plist; sourceTree = "<group>"; };
		7B1579C42135D3DD0035D3A5 /* PetsTests.xctest */ = {isa = PBXFileReference; explicitFileType = wrapper.cfbundle; includeInIndex = 0; path = PetsTests.xctest; sourceTree = BUILT_PRODUCTS_DIR; };
		7B1579C82135D3DD0035D3A5 /* PetsTests.swift */ = {isa = PBXFileReference; lastKnownFileType = sourcecode.swift; path = PetsTests.swift; sourceTree = "<group>"; };
		7B1579CA2135D3DD0035D3A5 /* Info.plist */ = {isa = PBXFileReference; lastKnownFileType = text.plist.xml; path = Info.plist; sourceTree = "<group>"; };
		7B1579CF2135D3DD0035D3A5 /* PetsUITests.xctest */ = {isa = PBXFileReference; explicitFileType = wrapper.cfbundle; includeInIndex = 0; path = PetsUITests.xctest; sourceTree = BUILT_PRODUCTS_DIR; };
		7B1579D32135D3DD0035D3A5 /* PetsUITests.swift */ = {isa = PBXFileReference; lastKnownFileType = sourcecode.swift; path = PetsUITests.swift; sourceTree = "<group>"; };
		7B1579D52135D3DD0035D3A5 /* Info.plist */ = {isa = PBXFileReference; lastKnownFileType = text.plist.xml; path = Info.plist; sourceTree = "<group>"; };
		7B1579E12135D4FB0035D3A5 /* PetsTableViewController.swift */ = {isa = PBXFileReference; lastKnownFileType = sourcecode.swift; path = PetsTableViewController.swift; sourceTree = "<group>"; };
/* End PBXFileReference section */

/* Begin PBXFrameworksBuildPhase section */
		7B1579AD2135D3DB0035D3A5 /* Frameworks */ = {
			isa = PBXFrameworksBuildPhase;
			buildActionMask = 2147483647;
			files = (
			);
			runOnlyForDeploymentPostprocessing = 0;
		};
		7B1579C12135D3DD0035D3A5 /* Frameworks */ = {
			isa = PBXFrameworksBuildPhase;
			buildActionMask = 2147483647;
			files = (
			);
			runOnlyForDeploymentPostprocessing = 0;
		};
		7B1579CC2135D3DD0035D3A5 /* Frameworks */ = {
			isa = PBXFrameworksBuildPhase;
			buildActionMask = 2147483647;
			files = (
			);
			runOnlyForDeploymentPostprocessing = 0;
		};
/* End PBXFrameworksBuildPhase section */

/* Begin PBXGroup section */
		7B1579A72135D3DB0035D3A5 = {
			isa = PBXGroup;
			children = (
				7B1579B22135D3DB0035D3A5 /* Pets */,
				7B1579C72135D3DD0035D3A5 /* PetsTests */,
				7B1579D22135D3DD0035D3A5 /* PetsUITests */,
				7B1579B12135D3DB0035D3A5 /* Products */,
			);
			sourceTree = "<group>";
		};
		7B1579B12135D3DB0035D3A5 /* Products */ = {
			isa = PBXGroup;
			children = (
				7B1579B02135D3DB0035D3A5 /* Pets.app */,
				7B1579C42135D3DD0035D3A5 /* PetsTests.xctest */,
				7B1579CF2135D3DD0035D3A5 /* PetsUITests.xctest */,
			);
			name = Products;
			sourceTree = "<group>";
		};
		7B1579B22135D3DB0035D3A5 /* Pets */ = {
			isa = PBXGroup;
			children = (
				7B1579E12135D4FB0035D3A5 /* PetsTableViewController.swift */,
				7B1579B32135D3DB0035D3A5 /* AppDelegate.swift */,
				7B1579B72135D3DB0035D3A5 /* Main.storyboard */,
				7B1579BA2135D3DD0035D3A5 /* Assets.xcassets */,
				7B1579BC2135D3DD0035D3A5 /* LaunchScreen.storyboard */,
				7B1579BF2135D3DD0035D3A5 /* Info.plist */,
			);
			path = Pets;
			sourceTree = "<group>";
		};
		7B1579C72135D3DD0035D3A5 /* PetsTests */ = {
			isa = PBXGroup;
			children = (
				7B1579C82135D3DD0035D3A5 /* PetsTests.swift */,
				7B1579CA2135D3DD0035D3A5 /* Info.plist */,
			);
			path = PetsTests;
			sourceTree = "<group>";
		};
		7B1579D22135D3DD0035D3A5 /* PetsUITests */ = {
			isa = PBXGroup;
			children = (
				7B1579D32135D3DD0035D3A5 /* PetsUITests.swift */,
				7B1579D52135D3DD0035D3A5 /* Info.plist */,
			);
			path = PetsUITests;
			sourceTree = "<group>";
		};
/* End PBXGroup section */

/* Begin PBXNativeTarget section */
		7B1579AF2135D3DB0035D3A5 /* Pets */ = {
			isa = PBXNativeTarget;
			buildConfigurationList = 7B1579D82135D3DD0035D3A5 /* Build configuration list for PBXNativeTarget "Pets" */;
			buildPhases = (
				7B1579AC2135D3DB0035D3A5 /* Sources */,
				7B1579AD2135D3DB0035D3A5 /* Frameworks */,
				7B1579AE2135D3DB0035D3A5 /* Resources */,
			);
			buildRules = (
			);
			dependencies = (
			);
			name = Pets;
			productName = Pets;
			productReference = 7B1579B02135D3DB0035D3A5 /* Pets.app */;
			productType = "com.apple.product-type.application";
		};
		7B1579C32135D3DD0035D3A5 /* PetsTests */ = {
			isa = PBXNativeTarget;
			buildConfigurationList = 7B1579DB2135D3DD0035D3A5 /* Build configuration list for PBXNativeTarget "PetsTests" */;
			buildPhases = (
				7B1579C02135D3DD0035D3A5 /* Sources */,
				7B1579C12135D3DD0035D3A5 /* Frameworks */,
				7B1579C22135D3DD0035D3A5 /* Resources */,
			);
			buildRules = (
			);
			dependencies = (
				7B1579C62135D3DD0035D3A5 /* PBXTargetDependency */,
			);
			name = PetsTests;
			productName = PetsTests;
			productReference = 7B1579C42135D3DD0035D3A5 /* PetsTests.xctest */;
			productType = "com.apple.product-type.bundle.unit-test";
		};
		7B1579CE2135D3DD0035D3A5 /* PetsUITests */ = {
			isa = PBXNativeTarget;
			buildConfigurationList = 7B1579DE2135D3DD0035D3A5 /* Build configuration list for PBXNativeTarget "PetsUITests" */;
			buildPhases = (
				7B1579CB2135D3DD0035D3A5 /* Sources */,
				7B1579CC2135D3DD0035D3A5 /* Frameworks */,
				7B1579CD2135D3DD0035D3A5 /* Resources */,
			);
			buildRules = (
			);
			dependencies = (
				7B1579D12135D3DD0035D3A5 /* PBXTargetDependency */,
			);
			name = PetsUITests;
			productName = PetsUITests;
			productReference = 7B1579CF2135D3DD0035D3A5 /* PetsUITests.xctest */;
			productType = "com.apple.product-type.bundle.ui-testing";
		};
/* End PBXNativeTarget section */

/* Begin PBXProject section */
		7B1579A82135D3DB0035D3A5 /* Project object */ = {
			isa = PBXProject;
			attributes = {
				LastSwiftUpdateCheck = 0940;
				LastUpgradeCheck = 0940;
				ORGANIZATIONNAME = "Daniela Parra";
				TargetAttributes = {
					7B1579AF2135D3DB0035D3A5 = {
						CreatedOnToolsVersion = 9.4.1;
					};
					7B1579C32135D3DD0035D3A5 = {
						CreatedOnToolsVersion = 9.4.1;
						TestTargetID = 7B1579AF2135D3DB0035D3A5;
					};
					7B1579CE2135D3DD0035D3A5 = {
						CreatedOnToolsVersion = 9.4.1;
						TestTargetID = 7B1579AF2135D3DB0035D3A5;
					};
				};
			};
			buildConfigurationList = 7B1579AB2135D3DB0035D3A5 /* Build configuration list for PBXProject "Pets" */;
			compatibilityVersion = "Xcode 9.3";
			developmentRegion = en;
			hasScannedForEncodings = 0;
			knownRegions = (
				en,
				Base,
			);
			mainGroup = 7B1579A72135D3DB0035D3A5;
			productRefGroup = 7B1579B12135D3DB0035D3A5 /* Products */;
			projectDirPath = "";
			projectRoot = "";
			targets = (
				7B1579AF2135D3DB0035D3A5 /* Pets */,
				7B1579C32135D3DD0035D3A5 /* PetsTests */,
				7B1579CE2135D3DD0035D3A5 /* PetsUITests */,
			);
		};
/* End PBXProject section */

/* Begin PBXResourcesBuildPhase section */
		7B1579AE2135D3DB0035D3A5 /* Resources */ = {
			isa = PBXResourcesBuildPhase;
			buildActionMask = 2147483647;
			files = (
				7B1579BE2135D3DD0035D3A5 /* LaunchScreen.storyboard in Resources */,
				7B1579BB2135D3DD0035D3A5 /* Assets.xcassets in Resources */,
				7B1579B92135D3DB0035D3A5 /* Main.storyboard in Resources */,
			);
			runOnlyForDeploymentPostprocessing = 0;
		};
		7B1579C22135D3DD0035D3A5 /* Resources */ = {
			isa = PBXResourcesBuildPhase;
			buildActionMask = 2147483647;
			files = (
			);
			runOnlyForDeploymentPostprocessing = 0;
		};
		7B1579CD2135D3DD0035D3A5 /* Resources */ = {
			isa = PBXResourcesBuildPhase;
			buildActionMask = 2147483647;
			files = (
			);
			runOnlyForDeploymentPostprocessing = 0;
		};
/* End PBXResourcesBuildPhase section */

/* Begin PBXSourcesBuildPhase section */
		7B1579AC2135D3DB0035D3A5 /* Sources */ = {
			isa = PBXSourcesBuildPhase;
			buildActionMask = 2147483647;
			files = (
				7B1579B42135D3DB0035D3A5 /* AppDelegate.swift in Sources */,
				7B1579E22135D4FB0035D3A5 /* PetsTableViewController.swift in Sources */,
			);
			runOnlyForDeploymentPostprocessing = 0;
		};
		7B1579C02135D3DD0035D3A5 /* Sources */ = {
			isa = PBXSourcesBuildPhase;
			buildActionMask = 2147483647;
			files = (
				7B1579C92135D3DD0035D3A5 /* PetsTests.swift in Sources */,
			);
			runOnlyForDeploymentPostprocessing = 0;
		};
		7B1579CB2135D3DD0035D3A5 /* Sources */ = {
			isa = PBXSourcesBuildPhase;
			buildActionMask = 2147483647;
			files = (
				7B1579D42135D3DD0035D3A5 /* PetsUITests.swift in Sources */,
			);
			runOnlyForDeploymentPostprocessing = 0;
		};
/* End PBXSourcesBuildPhase section */

/* Begin PBXTargetDependency section */
		7B1579C62135D3DD0035D3A5 /* PBXTargetDependency */ = {
			isa = PBXTargetDependency;
			target = 7B1579AF2135D3DB0035D3A5 /* Pets */;
			targetProxy = 7B1579C52135D3DD0035D3A5 /* PBXContainerItemProxy */;
		};
		7B1579D12135D3DD0035D3A5 /* PBXTargetDependency */ = {
			isa = PBXTargetDependency;
			target = 7B1579AF2135D3DB0035D3A5 /* Pets */;
			targetProxy = 7B1579D02135D3DD0035D3A5 /* PBXContainerItemProxy */;
		};
/* End PBXTargetDependency section */

/* Begin PBXVariantGroup section */
		7B1579B72135D3DB0035D3A5 /* Main.storyboard */ = {
			isa = PBXVariantGroup;
			children = (
				7B1579B82135D3DB0035D3A5 /* Base */,
			);
			name = Main.storyboard;
			sourceTree = "<group>";
		};
		7B1579BC2135D3DD0035D3A5 /* LaunchScreen.storyboard */ = {
			isa = PBXVariantGroup;
			children = (
				7B1579BD2135D3DD0035D3A5 /* Base */,
			);
			name = LaunchScreen.storyboard;
			sourceTree = "<group>";
		};
/* End PBXVariantGroup section */

/* Begin XCBuildConfiguration section */
		7B1579D62135D3DD0035D3A5 /* Debug */ = {
			isa = XCBuildConfiguration;
			buildSettings = {
				ALWAYS_SEARCH_USER_PATHS = NO;
				CLANG_ANALYZER_NONNULL = YES;
				CLANG_ANALYZER_NUMBER_OBJECT_CONVERSION = YES_AGGRESSIVE;
				CLANG_CXX_LANGUAGE_STANDARD = "gnu++14";
				CLANG_CXX_LIBRARY = "libc++";
				CLANG_ENABLE_MODULES = YES;
				CLANG_ENABLE_OBJC_ARC = YES;
				CLANG_ENABLE_OBJC_WEAK = YES;
				CLANG_WARN_BLOCK_CAPTURE_AUTORELEASING = YES;
				CLANG_WARN_BOOL_CONVERSION = YES;
				CLANG_WARN_COMMA = YES;
				CLANG_WARN_CONSTANT_CONVERSION = YES;
				CLANG_WARN_DEPRECATED_OBJC_IMPLEMENTATIONS = YES;
				CLANG_WARN_DIRECT_OBJC_ISA_USAGE = YES_ERROR;
				CLANG_WARN_DOCUMENTATION_COMMENTS = YES;
				CLANG_WARN_EMPTY_BODY = YES;
				CLANG_WARN_ENUM_CONVERSION = YES;
				CLANG_WARN_INFINITE_RECURSION = YES;
				CLANG_WARN_INT_CONVERSION = YES;
				CLANG_WARN_NON_LITERAL_NULL_CONVERSION = YES;
				CLANG_WARN_OBJC_IMPLICIT_RETAIN_SELF = YES;
				CLANG_WARN_OBJC_LITERAL_CONVERSION = YES;
				CLANG_WARN_OBJC_ROOT_CLASS = YES_ERROR;
				CLANG_WARN_RANGE_LOOP_ANALYSIS = YES;
				CLANG_WARN_STRICT_PROTOTYPES = YES;
				CLANG_WARN_SUSPICIOUS_MOVE = YES;
				CLANG_WARN_UNGUARDED_AVAILABILITY = YES_AGGRESSIVE;
				CLANG_WARN_UNREACHABLE_CODE = YES;
				CLANG_WARN__DUPLICATE_METHOD_MATCH = YES;
				CODE_SIGN_IDENTITY = "iPhone Developer";
				COPY_PHASE_STRIP = NO;
				DEBUG_INFORMATION_FORMAT = dwarf;
				ENABLE_STRICT_OBJC_MSGSEND = YES;
				ENABLE_TESTABILITY = YES;
				GCC_C_LANGUAGE_STANDARD = gnu11;
				GCC_DYNAMIC_NO_PIC = NO;
				GCC_NO_COMMON_BLOCKS = YES;
				GCC_OPTIMIZATION_LEVEL = 0;
				GCC_PREPROCESSOR_DEFINITIONS = (
					"DEBUG=1",
					"$(inherited)",
				);
				GCC_WARN_64_TO_32_BIT_CONVERSION = YES;
				GCC_WARN_ABOUT_RETURN_TYPE = YES_ERROR;
				GCC_WARN_UNDECLARED_SELECTOR = YES;
				GCC_WARN_UNINITIALIZED_AUTOS = YES_AGGRESSIVE;
				GCC_WARN_UNUSED_FUNCTION = YES;
				GCC_WARN_UNUSED_VARIABLE = YES;
				IPHONEOS_DEPLOYMENT_TARGET = 11.4;
				MTL_ENABLE_DEBUG_INFO = YES;
				ONLY_ACTIVE_ARCH = YES;
				SDKROOT = iphoneos;
				SWIFT_ACTIVE_COMPILATION_CONDITIONS = DEBUG;
				SWIFT_OPTIMIZATION_LEVEL = "-Onone";
			};
			name = Debug;
		};
		7B1579D72135D3DD0035D3A5 /* Release */ = {
			isa = XCBuildConfiguration;
			buildSettings = {
				ALWAYS_SEARCH_USER_PATHS = NO;
				CLANG_ANALYZER_NONNULL = YES;
				CLANG_ANALYZER_NUMBER_OBJECT_CONVERSION = YES_AGGRESSIVE;
				CLANG_CXX_LANGUAGE_STANDARD = "gnu++14";
				CLANG_CXX_LIBRARY = "libc++";
				CLANG_ENABLE_MODULES = YES;
				CLANG_ENABLE_OBJC_ARC = YES;
				CLANG_ENABLE_OBJC_WEAK = YES;
				CLANG_WARN_BLOCK_CAPTURE_AUTORELEASING = YES;
				CLANG_WARN_BOOL_CONVERSION = YES;
				CLANG_WARN_COMMA = YES;
				CLANG_WARN_CONSTANT_CONVERSION = YES;
				CLANG_WARN_DEPRECATED_OBJC_IMPLEMENTATIONS = YES;
				CLANG_WARN_DIRECT_OBJC_ISA_USAGE = YES_ERROR;
				CLANG_WARN_DOCUMENTATION_COMMENTS = YES;
				CLANG_WARN_EMPTY_BODY = YES;
				CLANG_WARN_ENUM_CONVERSION = YES;
				CLANG_WARN_INFINITE_RECURSION = YES;
				CLANG_WARN_INT_CONVERSION = YES;
				CLANG_WARN_NON_LITERAL_NULL_CONVERSION = YES;
				CLANG_WARN_OBJC_IMPLICIT_RETAIN_SELF = YES;
				CLANG_WARN_OBJC_LITERAL_CONVERSION = YES;
				CLANG_WARN_OBJC_ROOT_CLASS = YES_ERROR;
				CLANG_WARN_RANGE_LOOP_ANALYSIS = YES;
				CLANG_WARN_STRICT_PROTOTYPES = YES;
				CLANG_WARN_SUSPICIOUS_MOVE = YES;
				CLANG_WARN_UNGUARDED_AVAILABILITY = YES_AGGRESSIVE;
				CLANG_WARN_UNREACHABLE_CODE = YES;
				CLANG_WARN__DUPLICATE_METHOD_MATCH = YES;
				CODE_SIGN_IDENTITY = "iPhone Developer";
				COPY_PHASE_STRIP = NO;
				DEBUG_INFORMATION_FORMAT = "dwarf-with-dsym";
				ENABLE_NS_ASSERTIONS = NO;
				ENABLE_STRICT_OBJC_MSGSEND = YES;
				GCC_C_LANGUAGE_STANDARD = gnu11;
				GCC_NO_COMMON_BLOCKS = YES;
				GCC_WARN_64_TO_32_BIT_CONVERSION = YES;
				GCC_WARN_ABOUT_RETURN_TYPE = YES_ERROR;
				GCC_WARN_UNDECLARED_SELECTOR = YES;
				GCC_WARN_UNINITIALIZED_AUTOS = YES_AGGRESSIVE;
				GCC_WARN_UNUSED_FUNCTION = YES;
				GCC_WARN_UNUSED_VARIABLE = YES;
				IPHONEOS_DEPLOYMENT_TARGET = 11.4;
				MTL_ENABLE_DEBUG_INFO = NO;
				SDKROOT = iphoneos;
				SWIFT_COMPILATION_MODE = wholemodule;
				SWIFT_OPTIMIZATION_LEVEL = "-O";
				VALIDATE_PRODUCT = YES;
			};
			name = Release;
		};
		7B1579D92135D3DD0035D3A5 /* Debug */ = {
			isa = XCBuildConfiguration;
			buildSettings = {
				ASSETCATALOG_COMPILER_APPICON_NAME = AppIcon;
				CODE_SIGN_STYLE = Automatic;
				INFOPLIST_FILE = Pets/Info.plist;
				LD_RUNPATH_SEARCH_PATHS = (
					"$(inherited)",
					"@executable_path/Frameworks",
				);
				PRODUCT_BUNDLE_IDENTIFIER = com.Daniela.Pets;
				PRODUCT_NAME = "$(TARGET_NAME)";
				SWIFT_VERSION = 4.0;
				TARGETED_DEVICE_FAMILY = "1,2";
			};
			name = Debug;
		};
		7B1579DA2135D3DD0035D3A5 /* Release */ = {
			isa = XCBuildConfiguration;
			buildSettings = {
				ASSETCATALOG_COMPILER_APPICON_NAME = AppIcon;
				CODE_SIGN_STYLE = Automatic;
				INFOPLIST_FILE = Pets/Info.plist;
				LD_RUNPATH_SEARCH_PATHS = (
					"$(inherited)",
					"@executable_path/Frameworks",
				);
				PRODUCT_BUNDLE_IDENTIFIER = com.Daniela.Pets;
				PRODUCT_NAME = "$(TARGET_NAME)";
				SWIFT_VERSION = 4.0;
				TARGETED_DEVICE_FAMILY = "1,2";
			};
			name = Release;
		};
		7B1579DC2135D3DD0035D3A5 /* Debug */ = {
			isa = XCBuildConfiguration;
			buildSettings = {
				ALWAYS_EMBED_SWIFT_STANDARD_LIBRARIES = YES;
				BUNDLE_LOADER = "$(TEST_HOST)";
				CODE_SIGN_STYLE = Automatic;
				INFOPLIST_FILE = PetsTests/Info.plist;
				LD_RUNPATH_SEARCH_PATHS = (
					"$(inherited)",
					"@executable_path/Frameworks",
					"@loader_path/Frameworks",
				);
				PRODUCT_BUNDLE_IDENTIFIER = com.Daniela.PetsTests;
				PRODUCT_NAME = "$(TARGET_NAME)";
				SWIFT_VERSION = 4.0;
				TARGETED_DEVICE_FAMILY = "1,2";
				TEST_HOST = "$(BUILT_PRODUCTS_DIR)/Pets.app/Pets";
			};
			name = Debug;
		};
		7B1579DD2135D3DD0035D3A5 /* Release */ = {
			isa = XCBuildConfiguration;
			buildSettings = {
				ALWAYS_EMBED_SWIFT_STANDARD_LIBRARIES = YES;
				BUNDLE_LOADER = "$(TEST_HOST)";
				CODE_SIGN_STYLE = Automatic;
				INFOPLIST_FILE = PetsTests/Info.plist;
				LD_RUNPATH_SEARCH_PATHS = (
					"$(inherited)",
					"@executable_path/Frameworks",
					"@loader_path/Frameworks",
				);
				PRODUCT_BUNDLE_IDENTIFIER = com.Daniela.PetsTests;
				PRODUCT_NAME = "$(TARGET_NAME)";
				SWIFT_VERSION = 4.0;
				TARGETED_DEVICE_FAMILY = "1,2";
				TEST_HOST = "$(BUILT_PRODUCTS_DIR)/Pets.app/Pets";
			};
			name = Release;
		};
		7B1579DF2135D3DD0035D3A5 /* Debug */ = {
			isa = XCBuildConfiguration;
			buildSettings = {
				ALWAYS_EMBED_SWIFT_STANDARD_LIBRARIES = YES;
				CODE_SIGN_STYLE = Automatic;
				INFOPLIST_FILE = PetsUITests/Info.plist;
				LD_RUNPATH_SEARCH_PATHS = (
					"$(inherited)",
					"@executable_path/Frameworks",
					"@loader_path/Frameworks",
				);
				PRODUCT_BUNDLE_IDENTIFIER = com.Daniela.PetsUITests;
				PRODUCT_NAME = "$(TARGET_NAME)";
				SWIFT_VERSION = 4.0;
				TARGETED_DEVICE_FAMILY = "1,2";
				TEST_TARGET_NAME = Pets;
			};
			name = Debug;
		};
		7B1579E02135D3DD0035D3A5 /* Release */ = {
			isa = XCBuildConfiguration;
			buildSettings = {
				ALWAYS_EMBED_SWIFT_STANDARD_LIBRARIES = YES;
				CODE_SIGN_STYLE = Automatic;
				INFOPLIST_FILE = PetsUITests/Info.plist;
				LD_RUNPATH_SEARCH_PATHS = (
					"$(inherited)",
					"@executable_path/Frameworks",
					"@loader_path/Frameworks",
				);
				PRODUCT_BUNDLE_IDENTIFIER = com.Daniela.PetsUITests;
				PRODUCT_NAME = "$(TARGET_NAME)";
				SWIFT_VERSION = 4.0;
				TARGETED_DEVICE_FAMILY = "1,2";
				TEST_TARGET_NAME = Pets;
			};
			name = Release;
		};
/* End XCBuildConfiguration section */

/* Begin XCConfigurationList section */
		7B1579AB2135D3DB0035D3A5 /* Build configuration list for PBXProject "Pets" */ = {
			isa = XCConfigurationList;
			buildConfigurations = (
				7B1579D62135D3DD0035D3A5 /* Debug */,
				7B1579D72135D3DD0035D3A5 /* Release */,
			);
			defaultConfigurationIsVisible = 0;
			defaultConfigurationName = Release;
		};
		7B1579D82135D3DD0035D3A5 /* Build configuration list for PBXNativeTarget "Pets" */ = {
			isa = XCConfigurationList;
			buildConfigurations = (
				7B1579D92135D3DD0035D3A5 /* Debug */,
				7B1579DA2135D3DD0035D3A5 /* Release */,
			);
			defaultConfigurationIsVisible = 0;
			defaultConfigurationName = Release;
		};
		7B1579DB2135D3DD0035D3A5 /* Build configuration list for PBXNativeTarget "PetsTests" */ = {
			isa = XCConfigurationList;
			buildConfigurations = (
				7B1579DC2135D3DD0035D3A5 /* Debug */,
				7B1579DD2135D3DD0035D3A5 /* Release */,
			);
			defaultConfigurationIsVisible = 0;
			defaultConfigurationName = Release;
		};
		7B1579DE2135D3DD0035D3A5 /* Build configuration list for PBXNativeTarget "PetsUITests" */ = {
			isa = XCConfigurationList;
			buildConfigurations = (
				7B1579DF2135D3DD0035D3A5 /* Debug */,
				7B1579E02135D3DD0035D3A5 /* Release */,
			);
			defaultConfigurationIsVisible = 0;
			defaultConfigurationName = Release;
		};
/* End XCConfigurationList section */
	};
	rootObject = 7B1579A82135D3DB0035D3A5 /* Project object */;
}
